
Microsoft Visual Studio Solution File, Format Version 12.00
# Visual Studio Version 17
VisualStudioVersion = 17.11.35327.3
MinimumVisualStudioVersion = 10.0.40219.1
Project("{FAE04EC0-301F-11D3-BF4B-00C04F79EFBC}") = "logica11", "logica11.csproj", "{36101681-A345-4639-8E72-A9EBD8B9C345}"
EndProject
Global
	GlobalSection(SolutionConfigurationPlatforms) = preSolution
		Debug|Any CPU = Debug|Any CPU
		Release|Any CPU = Release|Any CPU
	EndGlobalSection
	GlobalSection(ProjectConfigurationPlatforms) = postSolution
		{36101681-A345-4639-8E72-A9EBD8B9C345}.Debug|Any CPU.ActiveCfg = Debug|Any CPU
		{36101681-A345-4639-8E72-A9EBD8B9C345}.Debug|Any CPU.Build.0 = Debug|Any CPU
		{36101681-A345-4639-8E72-A9EBD8B9C345}.Release|Any CPU.ActiveCfg = Release|Any CPU
		{36101681-A345-4639-8E72-A9EBD8B9C345}.Release|Any CPU.Build.0 = Release|Any CPU
	EndGlobalSection
	GlobalSection(SolutionProperties) = preSolution
		HideSolutionNode = FALSE
	EndGlobalSection
	GlobalSection(ExtensibilityGlobals) = postSolution
		SolutionGuid = {5D481C79-3E47-4A3D-BBDF-FD3E688F8C05}
	EndGlobalSection
EndGlobal
