
Microsoft Visual Studio Solution File, Format Version 12.00
# Visual Studio Version 17
VisualStudioVersion = 17.11.35327.3
MinimumVisualStudioVersion = 10.0.40219.1
Project("{FAE04EC0-301F-11D3-BF4B-00C04F79EFBC}") = "logica02", "logica02.csproj", "{D92EFE4A-CA03-4F23-9EF0-3FAE615E74A0}"
EndProject
Global
	GlobalSection(SolutionConfigurationPlatforms) = preSolution
		Debug|Any CPU = Debug|Any CPU
		Release|Any CPU = Release|Any CPU
	EndGlobalSection
	GlobalSection(ProjectConfigurationPlatforms) = postSolution
		{D92EFE4A-CA03-4F23-9EF0-3FAE615E74A0}.Debug|Any CPU.ActiveCfg = Debug|Any CPU
		{D92EFE4A-CA03-4F23-9EF0-3FAE615E74A0}.Debug|Any CPU.Build.0 = Debug|Any CPU
		{D92EFE4A-CA03-4F23-9EF0-3FAE615E74A0}.Release|Any CPU.ActiveCfg = Release|Any CPU
		{D92EFE4A-CA03-4F23-9EF0-3FAE615E74A0}.Release|Any CPU.Build.0 = Release|Any CPU
	EndGlobalSection
	GlobalSection(SolutionProperties) = preSolution
		HideSolutionNode = FALSE
	EndGlobalSection
	GlobalSection(ExtensibilityGlobals) = postSolution
		SolutionGuid = {A9E97AF1-CBC0-4C5A-83C0-C904B6313CD2}
	EndGlobalSection
EndGlobal
