
Microsoft Visual Studio Solution File, Format Version 12.00
# Visual Studio Version 17
VisualStudioVersion = 17.11.35327.3
MinimumVisualStudioVersion = 10.0.40219.1
Project("{FAE04EC0-301F-11D3-BF4B-00C04F79EFBC}") = "logica10", "logica10.csproj", "{4C9801BA-2900-43C4-B7DE-C815933A1919}"
EndProject
Global
	GlobalSection(SolutionConfigurationPlatforms) = preSolution
		Debug|Any CPU = Debug|Any CPU
		Release|Any CPU = Release|Any CPU
	EndGlobalSection
	GlobalSection(ProjectConfigurationPlatforms) = postSolution
		{4C9801BA-2900-43C4-B7DE-C815933A1919}.Debug|Any CPU.ActiveCfg = Debug|Any CPU
		{4C9801BA-2900-43C4-B7DE-C815933A1919}.Debug|Any CPU.Build.0 = Debug|Any CPU
		{4C9801BA-2900-43C4-B7DE-C815933A1919}.Release|Any CPU.ActiveCfg = Release|Any CPU
		{4C9801BA-2900-43C4-B7DE-C815933A1919}.Release|Any CPU.Build.0 = Release|Any CPU
	EndGlobalSection
	GlobalSection(SolutionProperties) = preSolution
		HideSolutionNode = FALSE
	EndGlobalSection
	GlobalSection(ExtensibilityGlobals) = postSolution
		SolutionGuid = {6E18870C-E816-4F40-9D40-F124B26D769D}
	EndGlobalSection
EndGlobal
